
Microsoft Visual Studio Solution File, Format Version 12.00
# Visual Studio 15
VisualStudioVersion = 15.0.28307.705
MinimumVisualStudioVersion = 10.0.40219.1
Project("{FAE04EC0-301F-11D3-BF4B-00C04F79EFBC}") = "Example.Fody", "Example.Fody\Example.Fody.csproj", "{624F21B7-6A36-4784-93F9-CBD6EACFB322}"
EndProject
Project("{FAE04EC0-301F-11D3-BF4B-00C04F79EFBC}") = "Example.Test", "Example.Test\Example.Test.csproj", "{BCCF8D50-A9D9-47E8-AF58-E3EBD8645198}"
EndProject
Global
	GlobalSection(SolutionConfigurationPlatforms) = preSolution
		Debug|Any CPU = Debug|Any CPU
		Release|Any CPU = Release|Any CPU
	EndGlobalSection
	GlobalSection(ProjectConfigurationPlatforms) = postSolution
		{624F21B7-6A36-4784-93F9-CBD6EACFB322}.Debug|Any CPU.ActiveCfg = Debug|Any CPU
		{624F21B7-6A36-4784-93F9-CBD6EACFB322}.Debug|Any CPU.Build.0 = Debug|Any CPU
		{624F21B7-6A36-4784-93F9-CBD6EACFB322}.Release|Any CPU.ActiveCfg = Release|Any CPU
		{624F21B7-6A36-4784-93F9-CBD6EACFB322}.Release|Any CPU.Build.0 = Release|Any CPU
		{BCCF8D50-A9D9-47E8-AF58-E3EBD8645198}.Debug|Any CPU.ActiveCfg = Debug|Any CPU
		{BCCF8D50-A9D9-47E8-AF58-E3EBD8645198}.Debug|Any CPU.Build.0 = Debug|Any CPU
		{BCCF8D50-A9D9-47E8-AF58-E3EBD8645198}.Release|Any CPU.ActiveCfg = Release|Any CPU
		{BCCF8D50-A9D9-47E8-AF58-E3EBD8645198}.Release|Any CPU.Build.0 = Release|Any CPU
	EndGlobalSection
	GlobalSection(SolutionProperties) = preSolution
		HideSolutionNode = FALSE
	EndGlobalSection
	GlobalSection(ExtensibilityGlobals) = postSolution
		SolutionGuid = {F457C3F3-8596-4288-9071-50D97D36B0EF}
	EndGlobalSection
EndGlobal
